{
  "version": 4,
  "terraform_version": "1.0.0",
  "serial": 4,
  "lineage": "2863adc2-23f6-c7e4-3a83-3756d596b0df",
  "outputs": {},
  "resources": [
    {
      "mode": "managed",
      "type": "docker_container",
      "name": "fastapi_container",
      "provider": "provider[\"registry.terraform.io/kreuzwerker/docker\"]",
      "instances": []
    },
    {
      "mode": "managed",
      "type": "docker_container",
      "name": "mysql_container",
      "provider": "provider[\"registry.terraform.io/kreuzwerker/docker\"]",
      "instances": [
        {
          "status": "tainted",
          "schema_version": 2,
          "attributes": {
            "attach": false,
            "bridge": null,
            "capabilities": [],
            "cgroupns_mode": null,
            "command": null,
            "container_logs": null,
            "container_read_refresh_timeout_milliseconds": 15000,
            "cpu_set": null,
            "cpu_shares": null,
            "destroy_grace_seconds": null,
            "devices": [],
            "dns": null,
            "dns_opts": null,
            "dns_search": null,
            "domainname": null,
            "entrypoint": null,
            "env": [
              "MYSQL_DATABASE=stock_db",
              "MYSQL_PASSWORD=password",
              "MYSQL_ROOT_PASSWORD=yourpassword",
              "MYSQL_USER=user"
            ],
            "exit_code": null,
            "gateway": null,
            "gpus": null,
            "group_add": null,
            "healthcheck": null,
            "host": [],
            "hostname": null,
            "id": "6d51b729a1ee2d5f6a6e7b141ccf9cfc80e478a2e7658984a1b8a6d57a3d2354",
            "image": "sha256:be960704dfac8744a2e2df80c90087551a998ac008916b9d1423d7b0c5ee33ea",
            "init": null,
            "ip_address": null,
            "ip_prefix_length": null,
            "ipc_mode": null,
            "labels": [],
            "links": null,
            "log_driver": null,
            "log_opts": null,
            "logs": false,
            "max_retry_count": null,
            "memory": null,
            "memory_swap": null,
            "mounts": [],
            "must_run": true,
            "name": "mysql_container",
            "network_alias": null,
            "network_data": null,
            "network_mode": null,
            "networks": null,
            "networks_advanced": [],
            "pid_mode": null,
            "ports": [
              {
                "external": 3306,
                "internal": 3306,
                "ip": "0.0.0.0",
                "protocol": "tcp"
              }
            ],
            "privileged": null,
            "publish_all_ports": null,
            "read_only": false,
            "remove_volumes": true,
            "restart": "no",
            "rm": false,
            "runtime": null,
            "security_opts": [],
            "shm_size": null,
            "start": true,
            "stdin_open": false,
            "stop_signal": null,
            "stop_timeout": null,
            "storage_opts": null,
            "sysctls": null,
            "tmpfs": null,
            "tty": false,
            "ulimit": [],
            "upload": [],
            "user": null,
            "userns_mode": null,
            "volumes": [],
            "wait": false,
            "wait_timeout": 60,
            "working_dir": null
          },
          "sensitive_attributes": [],
          "private": "eyJzY2hlbWFfdmVyc2lvbiI6IjIifQ==",
          "dependencies": [
            "docker_image.mysql_image"
          ]
        }
      ]
    },
    {
      "mode": "managed",
      "type": "docker_image",
      "name": "fastapi_image",
      "provider": "provider[\"registry.terraform.io/kreuzwerker/docker\"]",
      "instances": [
        {
          "schema_version": 0,
          "attributes": {
            "build": [],
            "force_remove": null,
            "id": "sha256:a8b3cda192a5283834afcc8eabe49becabf526e7ffd007f8fbeb716c6e5fb4e7tiangolo/uvicorn-gunicorn-fastapi:python3.8",
            "image_id": "sha256:a8b3cda192a5283834afcc8eabe49becabf526e7ffd007f8fbeb716c6e5fb4e7",
            "keep_locally": null,
            "latest": "sha256:a8b3cda192a5283834afcc8eabe49becabf526e7ffd007f8fbeb716c6e5fb4e7",
            "name": "tiangolo/uvicorn-gunicorn-fastapi:python3.8",
            "output": null,
            "platform": null,
            "pull_trigger": null,
            "pull_triggers": null,
            "repo_digest": "tiangolo/uvicorn-gunicorn-fastapi@sha256:d3cdc4d178b7751f9851dfe1aab21d273a7b86d7e2fb2e8e200adc08c581f6d6",
            "triggers": null
          },
          "sensitive_attributes": [],
          "private": "bnVsbA=="
        }
      ]
    },
    {
      "mode": "managed",
      "type": "docker_image",
      "name": "mysql_image",
      "provider": "provider[\"registry.terraform.io/kreuzwerker/docker\"]",
      "instances": [
        {
          "schema_version": 0,
          "attributes": {
            "build": [],
            "force_remove": null,
            "id": "sha256:be960704dfac8744a2e2df80c90087551a998ac008916b9d1423d7b0c5ee33eamysql:latest",
            "image_id": "sha256:be960704dfac8744a2e2df80c90087551a998ac008916b9d1423d7b0c5ee33ea",
            "keep_locally": null,
            "latest": "sha256:be960704dfac8744a2e2df80c90087551a998ac008916b9d1423d7b0c5ee33ea",
            "name": "mysql:latest",
            "output": null,
            "platform": null,
            "pull_trigger": null,
            "pull_triggers": null,
            "repo_digest": "mysql@sha256:fd8d1b4e287c49e1e35eb5a103f337111947662130eb8a3e6c3e823813f47f7d",
            "triggers": null
          },
          "sensitive_attributes": [],
          "private": "bnVsbA=="
        }
      ]
    }
  ]
}
